
Microsoft Visual Studio Solution File, Format Version 12.00
# Visual Studio Version 16
VisualStudioVersion = 16.0.30611.23
MinimumVisualStudioVersion = 10.0.40219.1
Project("{FAE04EC0-301F-11D3-BF4B-00C04F79EFBC}") = "Task1", "Epam0\Task1.csproj", "{4353B1D2-8FCB-4A6C-AC0A-6532A8BF1A87}"
EndProject
Project("{FAE04EC0-301F-11D3-BF4B-00C04F79EFBC}") = "Task_1_Tests", "Task_1_Tests\Task_1_Tests.csproj", "{CF3FE3C4-EF76-4ED1-B73C-18078055EBEF}"
EndProject
Global
	GlobalSection(SolutionConfigurationPlatforms) = preSolution
		Debug|Any CPU = Debug|Any CPU
		Release|Any CPU = Release|Any CPU
	EndGlobalSection
	GlobalSection(ProjectConfigurationPlatforms) = postSolution
		{4353B1D2-8FCB-4A6C-AC0A-6532A8BF1A87}.Debug|Any CPU.ActiveCfg = Debug|Any CPU
		{4353B1D2-8FCB-4A6C-AC0A-6532A8BF1A87}.Debug|Any CPU.Build.0 = Debug|Any CPU
		{4353B1D2-8FCB-4A6C-AC0A-6532A8BF1A87}.Release|Any CPU.ActiveCfg = Release|Any CPU
		{4353B1D2-8FCB-4A6C-AC0A-6532A8BF1A87}.Release|Any CPU.Build.0 = Release|Any CPU
		{CF3FE3C4-EF76-4ED1-B73C-18078055EBEF}.Debug|Any CPU.ActiveCfg = Debug|Any CPU
		{CF3FE3C4-EF76-4ED1-B73C-18078055EBEF}.Debug|Any CPU.Build.0 = Debug|Any CPU
		{CF3FE3C4-EF76-4ED1-B73C-18078055EBEF}.Release|Any CPU.ActiveCfg = Release|Any CPU
		{CF3FE3C4-EF76-4ED1-B73C-18078055EBEF}.Release|Any CPU.Build.0 = Release|Any CPU
	EndGlobalSection
	GlobalSection(SolutionProperties) = preSolution
		HideSolutionNode = FALSE
	EndGlobalSection
	GlobalSection(ExtensibilityGlobals) = postSolution
		SolutionGuid = {E81EE448-4446-4C63-92DB-A8807E3E1129}
	EndGlobalSection
EndGlobal
